{
    "_meta": {
        "hash": {
            "sha256": "d0b9c158569193bdc9e691d1ed8d91cefcdfe60c5959ba4b0f1ab26d67ed57d6"
        },
        "pipfile-spec": 6,
        "requires": {
            "python_version": "3.8"
        },
        "sources": [
            {
                "name": "pypi",
                "url": "https://pypi.org/simple",
                "verify_ssl": true
            }
        ]
    },
    "default": {
        "aniso8601": {
            "hashes": [
                "sha256:1d2b7ef82963909e93c4f24ce48d4de9e66009a21bf1c1e1c85bdd0812fe412f",
                "sha256:72e3117667eedf66951bb2d93f4296a56b94b078a8a95905a052611fb3f1b973"
            ],
            "version": "==9.0.1"
        },
        "graphene": {
            "hashes": [
                "sha256:529bf40c2a698954217d3713c6041d69d3f719ad0080857d7ee31327112446b0",
                "sha256:bb3810be33b54cb3e6969506671eb72319e8d7ba0d5ca9c8066472f75bf35a38"
            ],
            "index": "pypi",
            "version": "==3.3"
        },
        "graphql-core": {
            "hashes": [
                "sha256:06d2aad0ac723e35b1cb47885d3e5c45e956a53bc1b209a9fc5369007fe46676",
                "sha256:5766780452bd5ec8ba133f8bf287dc92713e3868ddd83aee4faab9fc3e303dc3"
            ],
            "markers": "python_version >= '3.6' and python_version < '4'",
            "version": "==3.2.3"
        },
        "graphql-relay": {
            "hashes": [
                "sha256:1ff1c51298356e481a0be009ccdff249832ce53f30559c1338f22a0e0d17250c",
                "sha256:c9b22bd28b170ba1fe674c74384a8ff30a76c8e26f88ac3aa1584dd3179953e5"
            ],
            "markers": "python_version >= '3.6' and python_version < '4'",
            "version": "==3.2.0"
        }
    },
    "develop": {}
}
